// !$*UTF8*$!
{
	archiveVersion = 1;
	classes = {
	};
	objectVersion = 56;
	objects = {

/* Begin PBXBuildFile section */
		AA08A3B6299BC88F0016C9FB /* EditStandup.swift in Sources */ = {isa = PBXBuildFile; fileRef = AA08A3B5299BC88F0016C9FB /* EditStandup.swift */; };
		AA08A3BE299D1C600016C9FB /* StandupsTests.swift in Sources */ = {isa = PBXBuildFile; fileRef = AA08A3BD299D1C600016C9FB /* StandupsTests.swift */; };
		AA08A3C5299E55630016C9FB /* EditStandupTests.swift in Sources */ = {isa = PBXBuildFile; fileRef = AA08A3C4299E55630016C9FB /* EditStandupTests.swift */; };
		AA08A3C7299FBC5B0016C9FB /* StandupDetail.swift in Sources */ = {isa = PBXBuildFile; fileRef = AA08A3C6299FBC5B0016C9FB /* StandupDetail.swift */; };
		AA08A3C9299FC6560016C9FB /* MeetingView.swift in Sources */ = {isa = PBXBuildFile; fileRef = AA08A3C8299FC6560016C9FB /* MeetingView.swift */; };
		AA31B7EF29A0A55D00FBE7D2 /* Tagged in Frameworks */ = {isa = PBXBuildFile; productRef = AA31B7EE29A0A55D00FBE7D2 /* Tagged */; };
		AA9D36F2299F22AB00716D7A /* StandupsApp.swift in Sources */ = {isa = PBXBuildFile; fileRef = AA9D36F1299F22AB00716D7A /* StandupsApp.swift */; };
		AA9D36F6299F22AB00716D7A /* Assets.xcassets in Resources */ = {isa = PBXBuildFile; fileRef = AA9D36F5299F22AB00716D7A /* Assets.xcassets */; };
		AA9D36F9299F22AB00716D7A /* Preview Assets.xcassets in Resources */ = {isa = PBXBuildFile; fileRef = AA9D36F8299F22AB00716D7A /* Preview Assets.xcassets */; };
		AA9D3700299F22AB00716D7A /* StandupsList.swift in Sources */ = {isa = PBXBuildFile; fileRef = AA9D36FF299F22AB00716D7A /* StandupsList.swift */; };
		AA9D3702299F22AB00716D7A /* Models.swift in Sources */ = {isa = PBXBuildFile; fileRef = AA9D3701299F22AB00716D7A /* Models.swift */; };
		AAB8AE1A29991AC500545905 /* SwiftUINavigation in Frameworks */ = {isa = PBXBuildFile; productRef = AAB8AE1929991AC500545905 /* SwiftUINavigation */; };
/* End PBXBuildFile section */

/* Begin PBXContainerItemProxy section */
		AA08A3BF299D1C600016C9FB /* PBXContainerItemProxy */ = {
			isa = PBXContainerItemProxy;
			containerPortal = AA9D36E6299F22AB00716D7A /* Project object */;
			proxyType = 1;
			remoteGlobalIDString = AA9D36ED299F22AB00716D7A;
			remoteInfo = Standups;
		};
/* End PBXContainerItemProxy section */

/* Begin PBXFileReference section */
		AA08A3B5299BC88F0016C9FB /* EditStandup.swift */ = {isa = PBXFileReference; lastKnownFileType = sourcecode.swift; path = EditStandup.swift; sourceTree = "<group>"; };
		AA08A3BB299D1C600016C9FB /* StandupsTests.xctest */ = {isa = PBXFileReference; explicitFileType = wrapper.cfbundle; includeInIndex = 0; path = StandupsTests.xctest; sourceTree = BUILT_PRODUCTS_DIR; };
		AA08A3BD299D1C600016C9FB /* StandupsTests.swift */ = {isa = PBXFileReference; lastKnownFileType = sourcecode.swift; path = StandupsTests.swift; sourceTree = "<group>"; };
		AA08A3C4299E55630016C9FB /* EditStandupTests.swift */ = {isa = PBXFileReference; lastKnownFileType = sourcecode.swift; path = EditStandupTests.swift; sourceTree = "<group>"; };
		AA08A3C6299FBC5B0016C9FB /* StandupDetail.swift */ = {isa = PBXFileReference; lastKnownFileType = sourcecode.swift; path = StandupDetail.swift; sourceTree = "<group>"; };
		AA08A3C8299FC6560016C9FB /* MeetingView.swift */ = {isa = PBXFileReference; lastKnownFileType = sourcecode.swift; path = MeetingView.swift; sourceTree = "<group>"; };
		AA9D36EE299F22AB00716D7A /* Standups.app */ = {isa = PBXFileReference; explicitFileType = wrapper.application; includeInIndex = 0; path = Standups.app; sourceTree = BUILT_PRODUCTS_DIR; };
		AA9D36F1299F22AB00716D7A /* StandupsApp.swift */ = {isa = PBXFileReference; lastKnownFileType = sourcecode.swift; path = StandupsApp.swift; sourceTree = "<group>"; };
		AA9D36F5299F22AB00716D7A /* Assets.xcassets */ = {isa = PBXFileReference; lastKnownFileType = folder.assetcatalog; path = Assets.xcassets; sourceTree = "<group>"; };
		AA9D36F8299F22AB00716D7A /* Preview Assets.xcassets */ = {isa = PBXFileReference; lastKnownFileType = folder.assetcatalog; path = "Preview Assets.xcassets"; sourceTree = "<group>"; };
		AA9D36FF299F22AB00716D7A /* StandupsList.swift */ = {isa = PBXFileReference; lastKnownFileType = sourcecode.swift; path = StandupsList.swift; sourceTree = "<group>"; };
		AA9D3701299F22AB00716D7A /* Models.swift */ = {isa = PBXFileReference; lastKnownFileType = sourcecode.swift; path = Models.swift; sourceTree = "<group>"; };
/* End PBXFileReference section */

/* Begin PBXFrameworksBuildPhase section */
		AA08A3B8299D1C600016C9FB /* Frameworks */ = {
			isa = PBXFrameworksBuildPhase;
			buildActionMask = 2147483647;
			files = (
			);
			runOnlyForDeploymentPostprocessing = 0;
		};
		AA9D36EB299F22AB00716D7A /* Frameworks */ = {
			isa = PBXFrameworksBuildPhase;
			buildActionMask = 2147483647;
			files = (
				AAB8AE1A29991AC500545905 /* SwiftUINavigation in Frameworks */,
				AA31B7EF29A0A55D00FBE7D2 /* Tagged in Frameworks */,
			);
			runOnlyForDeploymentPostprocessing = 0;
		};
/* End PBXFrameworksBuildPhase section */

/* Begin PBXGroup section */
		AA08A3BC299D1C600016C9FB /* StandupsTests */ = {
			isa = PBXGroup;
			children = (
				AA08A3BD299D1C600016C9FB /* StandupsTests.swift */,
				AA08A3C4299E55630016C9FB /* EditStandupTests.swift */,
			);
			path = StandupsTests;
			sourceTree = "<group>";
		};
		AA9D36E5299F22AB00716D7A = {
			isa = PBXGroup;
			children = (
				AA9D36F0299F22AB00716D7A /* Standups */,
				AA08A3BC299D1C600016C9FB /* StandupsTests */,
				AA9D36EF299F22AB00716D7A /* Products */,
			);
			sourceTree = "<group>";
		};
		AA9D36EF299F22AB00716D7A /* Products */ = {
			isa = PBXGroup;
			children = (
				AA9D36EE299F22AB00716D7A /* Standups.app */,
				AA08A3BB299D1C600016C9FB /* StandupsTests.xctest */,
			);
			name = Products;
			sourceTree = "<group>";
		};
		AA9D36F0299F22AB00716D7A /* Standups */ = {
			isa = PBXGroup;
			children = (
				AA08A3B5299BC88F0016C9FB /* EditStandup.swift */,
				AA9D3701299F22AB00716D7A /* Models.swift */,
				AA08A3C6299FBC5B0016C9FB /* StandupDetail.swift */,
				AA08A3C8299FC6560016C9FB /* MeetingView.swift */,
				AA9D36F1299F22AB00716D7A /* StandupsApp.swift */,
				AA9D36FF299F22AB00716D7A /* StandupsList.swift */,
				AA9D36F5299F22AB00716D7A /* Assets.xcassets */,
				AA9D36F7299F22AB00716D7A /* Preview Content */,
			);
			path = Standups;
			sourceTree = "<group>";
		};
		AA9D36F7299F22AB00716D7A /* Preview Content */ = {
			isa = PBXGroup;
			children = (
				AA9D36F8299F22AB00716D7A /* Preview Assets.xcassets */,
			);
			path = "Preview Content";
			sourceTree = "<group>";
		};
/* End PBXGroup section */

/* Begin PBXNativeTarget section */
		AA08A3BA299D1C600016C9FB /* StandupsTests */ = {
			isa = PBXNativeTarget;
			buildConfigurationList = AA08A3C1299D1C600016C9FB /* Build configuration list for PBXNativeTarget "StandupsTests" */;
			buildPhases = (
				AA08A3B7299D1C600016C9FB /* Sources */,
				AA08A3B8299D1C600016C9FB /* Frameworks */,
				AA08A3B9299D1C600016C9FB /* Resources */,
			);
			buildRules = (
			);
			dependencies = (
				AA08A3C0299D1C600016C9FB /* PBXTargetDependency */,
			);
			name = StandupsTests;
			productName = StandupsTests;
			productReference = AA08A3BB299D1C600016C9FB /* StandupsTests.xctest */;
			productType = "com.apple.product-type.bundle.unit-test";
		};
		AA9D36ED299F22AB00716D7A /* Standups */ = {
			isa = PBXNativeTarget;
			buildConfigurationList = AA9D36FC299F22AB00716D7A /* Build configuration list for PBXNativeTarget "Standups" */;
			buildPhases = (
				AA9D36EA299F22AB00716D7A /* Sources */,
				AA9D36EB299F22AB00716D7A /* Frameworks */,
				AA9D36EC299F22AB00716D7A /* Resources */,
			);
			buildRules = (
			);
			dependencies = (
			);
			name = Standups;
			packageProductDependencies = (
				AA31B7EE29A0A55D00FBE7D2 /* Tagged */,
				AAB8AE1929991AC500545905 /* SwiftUINavigation */,
			);
			productName = Standups;
			productReference = AA9D36EE299F22AB00716D7A /* Standups.app */;
			productType = "com.apple.product-type.application";
		};
/* End PBXNativeTarget section */

/* Begin PBXProject section */
		AA9D36E6299F22AB00716D7A /* Project object */ = {
			isa = PBXProject;
			attributes = {
				BuildIndependentTargetsInParallel = 1;
				LastSwiftUpdateCheck = 1420;
				LastUpgradeCheck = 1420;
				TargetAttributes = {
					AA08A3BA299D1C600016C9FB = {
						CreatedOnToolsVersion = 14.2;
						TestTargetID = AA9D36ED299F22AB00716D7A;
					};
					AA9D36ED299F22AB00716D7A = {
						CreatedOnToolsVersion = 14.2;
					};
				};
			};
			buildConfigurationList = AA9D36E9299F22AB00716D7A /* Build configuration list for PBXProject "Standups" */;
			compatibilityVersion = "Xcode 14.0";
			developmentRegion = en;
			hasScannedForEncodings = 0;
			knownRegions = (
				en,
				Base,
			);
			mainGroup = AA9D36E5299F22AB00716D7A;
			packageReferences = (
				AA31B7ED29A0A55D00FBE7D2 /* XCRemoteSwiftPackageReference "swift-tagged" */,
				AAB8AE1829991AC500545905 /* XCRemoteSwiftPackageReference "swiftui-navigation" */,
			);
			productRefGroup = AA9D36EF299F22AB00716D7A /* Products */;
			projectDirPath = "";
			projectRoot = "";
			targets = (
				AA9D36ED299F22AB00716D7A /* Standups */,
				AA08A3BA299D1C600016C9FB /* StandupsTests */,
			);
		};
/* End PBXProject section */

/* Begin PBXResourcesBuildPhase section */
		AA08A3B9299D1C600016C9FB /* Resources */ = {
			isa = PBXResourcesBuildPhase;
			buildActionMask = 2147483647;
			files = (
			);
			runOnlyForDeploymentPostprocessing = 0;
		};
		AA9D36EC299F22AB00716D7A /* Resources */ = {
			isa = PBXResourcesBuildPhase;
			buildActionMask = 2147483647;
			files = (
				AA9D36F9299F22AB00716D7A /* Preview Assets.xcassets in Resources */,
				AA9D36F6299F22AB00716D7A /* Assets.xcassets in Resources */,
			);
			runOnlyForDeploymentPostprocessing = 0;
		};
/* End PBXResourcesBuildPhase section */

/* Begin PBXSourcesBuildPhase section */
		AA08A3B7299D1C600016C9FB /* Sources */ = {
			isa = PBXSourcesBuildPhase;
			buildActionMask = 2147483647;
			files = (
				AA08A3BE299D1C600016C9FB /* StandupsTests.swift in Sources */,
				AA08A3C5299E55630016C9FB /* EditStandupTests.swift in Sources */,
			);
			runOnlyForDeploymentPostprocessing = 0;
		};
		AA9D36EA299F22AB00716D7A /* Sources */ = {
			isa = PBXSourcesBuildPhase;
			buildActionMask = 2147483647;
			files = (
				AA9D3702299F22AB00716D7A /* Models.swift in Sources */,
				AA08A3B6299BC88F0016C9FB /* EditStandup.swift in Sources */,
				AA08A3C9299FC6560016C9FB /* MeetingView.swift in Sources */,
				AA9D3700299F22AB00716D7A /* StandupsList.swift in Sources */,
				AA9D36F2299F22AB00716D7A /* StandupsApp.swift in Sources */,
				AA08A3C7299FBC5B0016C9FB /* StandupDetail.swift in Sources */,
			);
			runOnlyForDeploymentPostprocessing = 0;
		};
/* End PBXSourcesBuildPhase section */

/* Begin PBXTargetDependency section */
		AA08A3C0299D1C600016C9FB /* PBXTargetDependency */ = {
			isa = PBXTargetDependency;
			target = AA9D36ED299F22AB00716D7A /* Standups */;
			targetProxy = AA08A3BF299D1C600016C9FB /* PBXContainerItemProxy */;
		};
/* End PBXTargetDependency section */

/* Begin XCBuildConfiguration section */
		AA08A3C2299D1C600016C9FB /* Debug */ = {
			isa = XCBuildConfiguration;
			buildSettings = {
				BUNDLE_LOADER = "$(TEST_HOST)";
				CODE_SIGN_STYLE = Automatic;
				CURRENT_PROJECT_VERSION = 1;
				DEVELOPMENT_TEAM = W62BWL527B;
				GENERATE_INFOPLIST_FILE = YES;
				IPHONEOS_DEPLOYMENT_TARGET = 16.2;
				MARKETING_VERSION = 1.0;
				PRODUCT_BUNDLE_IDENTIFIER = "com.ryan-son.StandupsTests";
				PRODUCT_NAME = "$(TARGET_NAME)";
				SWIFT_EMIT_LOC_STRINGS = NO;
				SWIFT_VERSION = 5.0;
				TARGETED_DEVICE_FAMILY = "1,2";
				TEST_HOST = "$(BUILT_PRODUCTS_DIR)/Standups.app/$(BUNDLE_EXECUTABLE_FOLDER_PATH)/Standups";
			};
			name = Debug;
		};
		AA08A3C3299D1C600016C9FB /* Release */ = {
			isa = XCBuildConfiguration;
			buildSettings = {
				BUNDLE_LOADER = "$(TEST_HOST)";
				CODE_SIGN_STYLE = Automatic;
				CURRENT_PROJECT_VERSION = 1;
				DEVELOPMENT_TEAM = W62BWL527B;
				GENERATE_INFOPLIST_FILE = YES;
				IPHONEOS_DEPLOYMENT_TARGET = 16.2;
				MARKETING_VERSION = 1.0;
				PRODUCT_BUNDLE_IDENTIFIER = "com.ryan-son.StandupsTests";
				PRODUCT_NAME = "$(TARGET_NAME)";
				SWIFT_EMIT_LOC_STRINGS = NO;
				SWIFT_VERSION = 5.0;
				TARGETED_DEVICE_FAMILY = "1,2";
				TEST_HOST = "$(BUILT_PRODUCTS_DIR)/Standups.app/$(BUNDLE_EXECUTABLE_FOLDER_PATH)/Standups";
			};
			name = Release;
		};
		AA9D36FA299F22AB00716D7A /* Debug */ = {
			isa = XCBuildConfiguration;
			buildSettings = {
				ALWAYS_SEARCH_USER_PATHS = NO;
				CLANG_ANALYZER_NONNULL = YES;
				CLANG_ANALYZER_NUMBER_OBJECT_CONVERSION = YES_AGGRESSIVE;
				CLANG_CXX_LANGUAGE_STANDARD = "gnu++20";
				CLANG_ENABLE_MODULES = YES;
				CLANG_ENABLE_OBJC_ARC = YES;
				CLANG_ENABLE_OBJC_WEAK = YES;
				CLANG_WARN_BLOCK_CAPTURE_AUTORELEASING = YES;
				CLANG_WARN_BOOL_CONVERSION = YES;
				CLANG_WARN_COMMA = YES;
				CLANG_WARN_CONSTANT_CONVERSION = YES;
				CLANG_WARN_DEPRECATED_OBJC_IMPLEMENTATIONS = YES;
				CLANG_WARN_DIRECT_OBJC_ISA_USAGE = YES_ERROR;
				CLANG_WARN_DOCUMENTATION_COMMENTS = YES;
				CLANG_WARN_EMPTY_BODY = YES;
				CLANG_WARN_ENUM_CONVERSION = YES;
				CLANG_WARN_INFINITE_RECURSION = YES;
				CLANG_WARN_INT_CONVERSION = YES;
				CLANG_WARN_NON_LITERAL_NULL_CONVERSION = YES;
				CLANG_WARN_OBJC_IMPLICIT_RETAIN_SELF = YES;
				CLANG_WARN_OBJC_LITERAL_CONVERSION = YES;
				CLANG_WARN_OBJC_ROOT_CLASS = YES_ERROR;
				CLANG_WARN_QUOTED_INCLUDE_IN_FRAMEWORK_HEADER = YES;
				CLANG_WARN_RANGE_LOOP_ANALYSIS = YES;
				CLANG_WARN_STRICT_PROTOTYPES = YES;
				CLANG_WARN_SUSPICIOUS_MOVE = YES;
				CLANG_WARN_UNGUARDED_AVAILABILITY = YES_AGGRESSIVE;
				CLANG_WARN_UNREACHABLE_CODE = YES;
				CLANG_WARN__DUPLICATE_METHOD_MATCH = YES;
				COPY_PHASE_STRIP = NO;
				DEBUG_INFORMATION_FORMAT = dwarf;
				ENABLE_STRICT_OBJC_MSGSEND = YES;
				ENABLE_TESTABILITY = YES;
				GCC_C_LANGUAGE_STANDARD = gnu11;
				GCC_DYNAMIC_NO_PIC = NO;
				GCC_NO_COMMON_BLOCKS = YES;
				GCC_OPTIMIZATION_LEVEL = 0;
				GCC_PREPROCESSOR_DEFINITIONS = (
					"DEBUG=1",
					"$(inherited)",
				);
				GCC_WARN_64_TO_32_BIT_CONVERSION = YES;
				GCC_WARN_ABOUT_RETURN_TYPE = YES_ERROR;
				GCC_WARN_UNDECLARED_SELECTOR = YES;
				GCC_WARN_UNINITIALIZED_AUTOS = YES_AGGRESSIVE;
				GCC_WARN_UNUSED_FUNCTION = YES;
				GCC_WARN_UNUSED_VARIABLE = YES;
				IPHONEOS_DEPLOYMENT_TARGET = 16.0;
				MTL_ENABLE_DEBUG_INFO = INCLUDE_SOURCE;
				MTL_FAST_MATH = YES;
				ONLY_ACTIVE_ARCH = YES;
				SDKROOT = iphoneos;
				SWIFT_ACTIVE_COMPILATION_CONDITIONS = DEBUG;
				SWIFT_OPTIMIZATION_LEVEL = "-Onone";
			};
			name = Debug;
		};
		AA9D36FB299F22AB00716D7A /* Release */ = {
			isa = XCBuildConfiguration;
			buildSettings = {
				ALWAYS_SEARCH_USER_PATHS = NO;
				CLANG_ANALYZER_NONNULL = YES;
				CLANG_ANALYZER_NUMBER_OBJECT_CONVERSION = YES_AGGRESSIVE;
				CLANG_CXX_LANGUAGE_STANDARD = "gnu++20";
				CLANG_ENABLE_MODULES = YES;
				CLANG_ENABLE_OBJC_ARC = YES;
				CLANG_ENABLE_OBJC_WEAK = YES;
				CLANG_WARN_BLOCK_CAPTURE_AUTORELEASING = YES;
				CLANG_WARN_BOOL_CONVERSION = YES;
				CLANG_WARN_COMMA = YES;
				CLANG_WARN_CONSTANT_CONVERSION = YES;
				CLANG_WARN_DEPRECATED_OBJC_IMPLEMENTATIONS = YES;
				CLANG_WARN_DIRECT_OBJC_ISA_USAGE = YES_ERROR;
				CLANG_WARN_DOCUMENTATION_COMMENTS = YES;
				CLANG_WARN_EMPTY_BODY = YES;
				CLANG_WARN_ENUM_CONVERSION = YES;
				CLANG_WARN_INFINITE_RECURSION = YES;
				CLANG_WARN_INT_CONVERSION = YES;
				CLANG_WARN_NON_LITERAL_NULL_CONVERSION = YES;
				CLANG_WARN_OBJC_IMPLICIT_RETAIN_SELF = YES;
				CLANG_WARN_OBJC_LITERAL_CONVERSION = YES;
				CLANG_WARN_OBJC_ROOT_CLASS = YES_ERROR;
				CLANG_WARN_QUOTED_INCLUDE_IN_FRAMEWORK_HEADER = YES;
				CLANG_WARN_RANGE_LOOP_ANALYSIS = YES;
				CLANG_WARN_STRICT_PROTOTYPES = YES;
				CLANG_WARN_SUSPICIOUS_MOVE = YES;
				CLANG_WARN_UNGUARDED_AVAILABILITY = YES_AGGRESSIVE;
				CLANG_WARN_UNREACHABLE_CODE = YES;
				CLANG_WARN__DUPLICATE_METHOD_MATCH = YES;
				COPY_PHASE_STRIP = NO;
				DEBUG_INFORMATION_FORMAT = "dwarf-with-dsym";
				ENABLE_NS_ASSERTIONS = NO;
				ENABLE_STRICT_OBJC_MSGSEND = YES;
				GCC_C_LANGUAGE_STANDARD = gnu11;
				GCC_NO_COMMON_BLOCKS = YES;
				GCC_WARN_64_TO_32_BIT_CONVERSION = YES;
				GCC_WARN_ABOUT_RETURN_TYPE = YES_ERROR;
				GCC_WARN_UNDECLARED_SELECTOR = YES;
				GCC_WARN_UNINITIALIZED_AUTOS = YES_AGGRESSIVE;
				GCC_WARN_UNUSED_FUNCTION = YES;
				GCC_WARN_UNUSED_VARIABLE = YES;
				IPHONEOS_DEPLOYMENT_TARGET = 16.0;
				MTL_ENABLE_DEBUG_INFO = NO;
				MTL_FAST_MATH = YES;
				SDKROOT = iphoneos;
				SWIFT_COMPILATION_MODE = wholemodule;
				SWIFT_OPTIMIZATION_LEVEL = "-O";
				VALIDATE_PRODUCT = YES;
			};
			name = Release;
		};
		AA9D36FD299F22AB00716D7A /* Debug */ = {
			isa = XCBuildConfiguration;
			buildSettings = {
				ASSETCATALOG_COMPILER_APPICON_NAME = AppIcon;
				ASSETCATALOG_COMPILER_GLOBAL_ACCENT_COLOR_NAME = AccentColor;
				CODE_SIGN_STYLE = Automatic;
				CURRENT_PROJECT_VERSION = 1;
				DEVELOPMENT_ASSET_PATHS = "\"Standups/Preview Content\"";
				DEVELOPMENT_TEAM = W62BWL527B;
				ENABLE_PREVIEWS = YES;
				GENERATE_INFOPLIST_FILE = YES;
				INFOPLIST_KEY_UIApplicationSceneManifest_Generation = YES;
				INFOPLIST_KEY_UIApplicationSupportsIndirectInputEvents = YES;
				INFOPLIST_KEY_UILaunchScreen_Generation = YES;
				INFOPLIST_KEY_UISupportedInterfaceOrientations_iPad = "UIInterfaceOrientationPortrait UIInterfaceOrientationPortraitUpsideDown UIInterfaceOrientationLandscapeLeft UIInterfaceOrientationLandscapeRight";
				INFOPLIST_KEY_UISupportedInterfaceOrientations_iPhone = "UIInterfaceOrientationPortrait UIInterfaceOrientationLandscapeLeft UIInterfaceOrientationLandscapeRight";
				LD_RUNPATH_SEARCH_PATHS = (
					"$(inherited)",
					"@executable_path/Frameworks",
				);
				MARKETING_VERSION = 1.0;
				PRODUCT_BUNDLE_IDENTIFIER = "com.ryan-son.Standups";
				PRODUCT_NAME = "$(TARGET_NAME)";
				SWIFT_EMIT_LOC_STRINGS = YES;
				SWIFT_STRICT_CONCURRENCY = complete;
				SWIFT_VERSION = 5.0;
				TARGETED_DEVICE_FAMILY = "1,2";
			};
			name = Debug;
		};
		AA9D36FE299F22AB00716D7A /* Release */ = {
			isa = XCBuildConfiguration;
			buildSettings = {
				ASSETCATALOG_COMPILER_APPICON_NAME = AppIcon;
				ASSETCATALOG_COMPILER_GLOBAL_ACCENT_COLOR_NAME = AccentColor;
				CODE_SIGN_STYLE = Automatic;
				CURRENT_PROJECT_VERSION = 1;
				DEVELOPMENT_ASSET_PATHS = "\"Standups/Preview Content\"";
				DEVELOPMENT_TEAM = W62BWL527B;
				ENABLE_PREVIEWS = YES;
				GENERATE_INFOPLIST_FILE = YES;
				INFOPLIST_KEY_UIApplicationSceneManifest_Generation = YES;
				INFOPLIST_KEY_UIApplicationSupportsIndirectInputEvents = YES;
				INFOPLIST_KEY_UILaunchScreen_Generation = YES;
				INFOPLIST_KEY_UISupportedInterfaceOrientations_iPad = "UIInterfaceOrientationPortrait UIInterfaceOrientationPortraitUpsideDown UIInterfaceOrientationLandscapeLeft UIInterfaceOrientationLandscapeRight";
				INFOPLIST_KEY_UISupportedInterfaceOrientations_iPhone = "UIInterfaceOrientationPortrait UIInterfaceOrientationLandscapeLeft UIInterfaceOrientationLandscapeRight";
				LD_RUNPATH_SEARCH_PATHS = (
					"$(inherited)",
					"@executable_path/Frameworks",
				);
				MARKETING_VERSION = 1.0;
				PRODUCT_BUNDLE_IDENTIFIER = "com.ryan-son.Standups";
				PRODUCT_NAME = "$(TARGET_NAME)";
				SWIFT_EMIT_LOC_STRINGS = YES;
				SWIFT_STRICT_CONCURRENCY = complete;
				SWIFT_VERSION = 5.0;
				TARGETED_DEVICE_FAMILY = "1,2";
			};
			name = Release;
		};
/* End XCBuildConfiguration section */

/* Begin XCConfigurationList section */
		AA08A3C1299D1C600016C9FB /* Build configuration list for PBXNativeTarget "StandupsTests" */ = {
			isa = XCConfigurationList;
			buildConfigurations = (
				AA08A3C2299D1C600016C9FB /* Debug */,
				AA08A3C3299D1C600016C9FB /* Release */,
			);
			defaultConfigurationIsVisible = 0;
			defaultConfigurationName = Release;
		};
		AA9D36E9299F22AB00716D7A /* Build configuration list for PBXProject "Standups" */ = {
			isa = XCConfigurationList;
			buildConfigurations = (
				AA9D36FA299F22AB00716D7A /* Debug */,
				AA9D36FB299F22AB00716D7A /* Release */,
			);
			defaultConfigurationIsVisible = 0;
			defaultConfigurationName = Release;
		};
		AA9D36FC299F22AB00716D7A /* Build configuration list for PBXNativeTarget "Standups" */ = {
			isa = XCConfigurationList;
			buildConfigurations = (
				AA9D36FD299F22AB00716D7A /* Debug */,
				AA9D36FE299F22AB00716D7A /* Release */,
			);
			defaultConfigurationIsVisible = 0;
			defaultConfigurationName = Release;
		};
/* End XCConfigurationList section */

/* Begin XCRemoteSwiftPackageReference section */
		AA31B7ED29A0A55D00FBE7D2 /* XCRemoteSwiftPackageReference "swift-tagged" */ = {
			isa = XCRemoteSwiftPackageReference;
			repositoryURL = "https://github.com/pointfreeco/swift-tagged";
			requirement = {
				kind = upToNextMajorVersion;
				minimumVersion = 0.9.0;
			};
		};
		AAB8AE1829991AC500545905 /* XCRemoteSwiftPackageReference "swiftui-navigation" */ = {
			isa = XCRemoteSwiftPackageReference;
			repositoryURL = "https://github.com/pointfreeco/swiftui-navigation";
			requirement = {
				kind = upToNextMajorVersion;
				minimumVersion = 0.6.1;
			};
		};
/* End XCRemoteSwiftPackageReference section */

/* Begin XCSwiftPackageProductDependency section */
		AA31B7EE29A0A55D00FBE7D2 /* Tagged */ = {
			isa = XCSwiftPackageProductDependency;
			package = AA31B7ED29A0A55D00FBE7D2 /* XCRemoteSwiftPackageReference "swift-tagged" */;
			productName = Tagged;
		};
		AAB8AE1929991AC500545905 /* SwiftUINavigation */ = {
			isa = XCSwiftPackageProductDependency;
			package = AAB8AE1829991AC500545905 /* XCRemoteSwiftPackageReference "swiftui-navigation" */;
			productName = SwiftUINavigation;
		};
/* End XCSwiftPackageProductDependency section */
	};
	rootObject = AA9D36E6299F22AB00716D7A /* Project object */;
}
